Microsoft Visual Studio Solution File, Format Version 12.00
# Visual Studio Version 17
VisualStudioVersion = 17.5.2.0
MinimumVisualStudioVersion = 10.0.40219.1
Project("{FAE04EC0-301F-11D3-BF4B-00C04F79EFBC}") = "LoanApi", "src\LoanApi.csproj", "{189DA89E-FF1B-CE3B-1BED-742B76E7A56A}"
EndProject
Global
	GlobalSection(SolutionConfigurationPlatforms) = preSolution
		Debug|Any CPU = Debug|Any CPU
		Release|Any CPU = Release|Any CPU
	EndGlobalSection
	GlobalSection(ProjectConfigurationPlatforms) = postSolution
		{189DA89E-FF1B-CE3B-1BED-742B76E7A56A}.Debug|Any CPU.ActiveCfg = Debug|Any CPU
		{189DA89E-FF1B-CE3B-1BED-742B76E7A56A}.Debug|Any CPU.Build.0 = Debug|Any CPU
		{189DA89E-FF1B-CE3B-1BED-742B76E7A56A}.Release|Any CPU.ActiveCfg = Release|Any CPU
		{189DA89E-FF1B-CE3B-1BED-742B76E7A56A}.Release|Any CPU.Build.0 = Release|Any CPU
	EndGlobalSection
	GlobalSection(SolutionProperties) = preSolution
		HideSolutionNode = FALSE
	EndGlobalSection
	GlobalSection(ExtensibilityGlobals) = postSolution
		SolutionGuid = {61F6D079-2C8C-41C3-8865-C0A7EFE2BC0E}
	EndGlobalSection
EndGlobal
